
Microsoft Visual Studio Solution File, Format Version 12.00
# Visual Studio Version 16
VisualStudioVersion = 16.0.29509.3
MinimumVisualStudioVersion = 10.0.40219.1
Project("{FAE04EC0-301F-11D3-BF4B-00C04F79EFBC}") = "exceptions", "exceptions\exceptions.csproj", "{67043DA5-387E-4F71-A2E4-BC794E159CB6}"
EndProject
Global
	GlobalSection(SolutionConfigurationPlatforms) = preSolution
		Debug|Any CPU = Debug|Any CPU
		Release|Any CPU = Release|Any CPU
	EndGlobalSection
	GlobalSection(ProjectConfigurationPlatforms) = postSolution
		{67043DA5-387E-4F71-A2E4-BC794E159CB6}.Debug|Any CPU.ActiveCfg = Debug|Any CPU
		{67043DA5-387E-4F71-A2E4-BC794E159CB6}.Debug|Any CPU.Build.0 = Debug|Any CPU
		{67043DA5-387E-4F71-A2E4-BC794E159CB6}.Release|Any CPU.ActiveCfg = Release|Any CPU
		{67043DA5-387E-4F71-A2E4-BC794E159CB6}.Release|Any CPU.Build.0 = Release|Any CPU
	EndGlobalSection
	GlobalSection(SolutionProperties) = preSolution
		HideSolutionNode = FALSE
	EndGlobalSection
	GlobalSection(ExtensibilityGlobals) = postSolution
		SolutionGuid = {310A24AC-0D7C-49B7-9670-7103350DA7F3}
	EndGlobalSection
EndGlobal
