
Microsoft Visual Studio Solution File, Format Version 12.00
# Visual Studio Version 16
VisualStudioVersion = 16.0.29509.3
MinimumVisualStudioVersion = 10.0.40219.1
Project("{FAE04EC0-301F-11D3-BF4B-00C04F79EFBC}") = "time_function", "time_function\time_function.csproj", "{EA8EBAAA-9D69-481C-AEE4-CC202B530819}"
EndProject
Global
	GlobalSection(SolutionConfigurationPlatforms) = preSolution
		Debug|Any CPU = Debug|Any CPU
		Release|Any CPU = Release|Any CPU
	EndGlobalSection
	GlobalSection(ProjectConfigurationPlatforms) = postSolution
		{EA8EBAAA-9D69-481C-AEE4-CC202B530819}.Debug|Any CPU.ActiveCfg = Debug|Any CPU
		{EA8EBAAA-9D69-481C-AEE4-CC202B530819}.Debug|Any CPU.Build.0 = Debug|Any CPU
		{EA8EBAAA-9D69-481C-AEE4-CC202B530819}.Release|Any CPU.ActiveCfg = Release|Any CPU
		{EA8EBAAA-9D69-481C-AEE4-CC202B530819}.Release|Any CPU.Build.0 = Release|Any CPU
	EndGlobalSection
	GlobalSection(SolutionProperties) = preSolution
		HideSolutionNode = FALSE
	EndGlobalSection
	GlobalSection(ExtensibilityGlobals) = postSolution
		SolutionGuid = {26EC8809-5C94-445E-9768-8068838B32F8}
	EndGlobalSection
EndGlobal
