
Microsoft Visual Studio Solution File, Format Version 12.00
# Visual Studio Version 16
VisualStudioVersion = 16.0.29509.3
MinimumVisualStudioVersion = 10.0.40219.1
Project("{FAE04EC0-301F-11D3-BF4B-00C04F79EFBC}") = "classes_hehe", "classes_hehe\classes_hehe.csproj", "{B14553B3-6EDA-4BA5-8BC1-92E485896FEC}"
EndProject
Global
	GlobalSection(SolutionConfigurationPlatforms) = preSolution
		Debug|Any CPU = Debug|Any CPU
		Release|Any CPU = Release|Any CPU
	EndGlobalSection
	GlobalSection(ProjectConfigurationPlatforms) = postSolution
		{B14553B3-6EDA-4BA5-8BC1-92E485896FEC}.Debug|Any CPU.ActiveCfg = Debug|Any CPU
		{B14553B3-6EDA-4BA5-8BC1-92E485896FEC}.Debug|Any CPU.Build.0 = Debug|Any CPU
		{B14553B3-6EDA-4BA5-8BC1-92E485896FEC}.Release|Any CPU.ActiveCfg = Release|Any CPU
		{B14553B3-6EDA-4BA5-8BC1-92E485896FEC}.Release|Any CPU.Build.0 = Release|Any CPU
	EndGlobalSection
	GlobalSection(SolutionProperties) = preSolution
		HideSolutionNode = FALSE
	EndGlobalSection
	GlobalSection(ExtensibilityGlobals) = postSolution
		SolutionGuid = {0FBF6ADF-0760-48ED-9CC9-02BA46B91DF3}
	EndGlobalSection
EndGlobal
